
Microsoft Visual Studio Solution File, Format Version 12.00
Project("{FAE04EC0-301F-11D3-BF4B-00C04F79EFBC}") = "Xeo.Baq", "Xeo.Baq\Xeo.Baq.csproj", "{448FB568-1D42-4368-AB60-4BA913DB12D4}"
EndProject
Global
	GlobalSection(SolutionConfigurationPlatforms) = preSolution
		Debug|Any CPU = Debug|Any CPU
		Release|Any CPU = Release|Any CPU
	EndGlobalSection
	GlobalSection(ProjectConfigurationPlatforms) = postSolution
		{448FB568-1D42-4368-AB60-4BA913DB12D4}.Debug|Any CPU.ActiveCfg = Debug|Any CPU
		{448FB568-1D42-4368-AB60-4BA913DB12D4}.Debug|Any CPU.Build.0 = Debug|Any CPU
		{448FB568-1D42-4368-AB60-4BA913DB12D4}.Release|Any CPU.ActiveCfg = Release|Any CPU
		{448FB568-1D42-4368-AB60-4BA913DB12D4}.Release|Any CPU.Build.0 = Release|Any CPU
	EndGlobalSection
EndGlobal
